
Microsoft Visual Studio Solution File, Format Version 12.00
# Visual Studio Version 17
VisualStudioVersion = 17.1.32421.90
MinimumVisualStudioVersion = 10.0.40219.1
Project("{9A19103F-16F7-4668-BE54-9A1E7A4F7556}") = "ECommerceApp.Server", "Server\ECommerceApp.Server.csproj", "{4928FC3F-27C7-4496-809A-DD858F6B39D5}"
EndProject
Project("{9A19103F-16F7-4668-BE54-9A1E7A4F7556}") = "ECommerceApp.Client", "Client\ECommerceApp.Client.csproj", "{5860DA67-A90A-4116-A1B5-D9EF55A1A646}"
EndProject
Project("{9A19103F-16F7-4668-BE54-9A1E7A4F7556}") = "ECommerceApp.Shared", "Shared\ECommerceApp.Shared.csproj", "{FF973BFD-1B19-4D12-B451-ADCD92770EFD}"
EndProject
Global
	GlobalSection(SolutionConfigurationPlatforms) = preSolution
		Debug|Any CPU = Debug|Any CPU
		Release|Any CPU = Release|Any CPU
	EndGlobalSection
	GlobalSection(ProjectConfigurationPlatforms) = postSolution
		{4928FC3F-27C7-4496-809A-DD858F6B39D5}.Debug|Any CPU.ActiveCfg = Debug|Any CPU
		{4928FC3F-27C7-4496-809A-DD858F6B39D5}.Debug|Any CPU.Build.0 = Debug|Any CPU
		{4928FC3F-27C7-4496-809A-DD858F6B39D5}.Release|Any CPU.ActiveCfg = Release|Any CPU
		{4928FC3F-27C7-4496-809A-DD858F6B39D5}.Release|Any CPU.Build.0 = Release|Any CPU
		{5860DA67-A90A-4116-A1B5-D9EF55A1A646}.Debug|Any CPU.ActiveCfg = Debug|Any CPU
		{5860DA67-A90A-4116-A1B5-D9EF55A1A646}.Debug|Any CPU.Build.0 = Debug|Any CPU
		{5860DA67-A90A-4116-A1B5-D9EF55A1A646}.Release|Any CPU.ActiveCfg = Release|Any CPU
		{5860DA67-A90A-4116-A1B5-D9EF55A1A646}.Release|Any CPU.Build.0 = Release|Any CPU
		{FF973BFD-1B19-4D12-B451-ADCD92770EFD}.Debug|Any CPU.ActiveCfg = Debug|Any CPU
		{FF973BFD-1B19-4D12-B451-ADCD92770EFD}.Debug|Any CPU.Build.0 = Debug|Any CPU
		{FF973BFD-1B19-4D12-B451-ADCD92770EFD}.Release|Any CPU.ActiveCfg = Release|Any CPU
		{FF973BFD-1B19-4D12-B451-ADCD92770EFD}.Release|Any CPU.Build.0 = Release|Any CPU
	EndGlobalSection
	GlobalSection(SolutionProperties) = preSolution
		HideSolutionNode = FALSE
	EndGlobalSection
	GlobalSection(ExtensibilityGlobals) = postSolution
		SolutionGuid = {5DFB30ED-00C4-42CF-8F87-A503B0869025}
	EndGlobalSection
EndGlobal
